
Microsoft Visual Studio Solution File, Format Version 11.00
# Visual C# Express 2010
Project("{FAE04EC0-301F-11D3-BF4B-00C04F79EFBC}") = "Glyph Recognition Proto", "Glyph Recognition Proto.csproj", "{1AD235BD-88C8-4785-9A80-5BC85481CE54}"
EndProject
Global
	GlobalSection(SolutionConfigurationPlatforms) = preSolution
		Debug|Any CPU = Debug|Any CPU
		Release|Any CPU = Release|Any CPU
	EndGlobalSection
	GlobalSection(ProjectConfigurationPlatforms) = postSolution
		{1AD235BD-88C8-4785-9A80-5BC85481CE54}.Debug|Any CPU.ActiveCfg = Debug|Any CPU
		{1AD235BD-88C8-4785-9A80-5BC85481CE54}.Debug|Any CPU.Build.0 = Debug|Any CPU
		{1AD235BD-88C8-4785-9A80-5BC85481CE54}.Release|Any CPU.ActiveCfg = Release|Any CPU
		{1AD235BD-88C8-4785-9A80-5BC85481CE54}.Release|Any CPU.Build.0 = Release|Any CPU
	EndGlobalSection
	GlobalSection(SolutionProperties) = preSolution
		HideSolutionNode = FALSE
	EndGlobalSection
EndGlobal
